// !$*UTF8*$!
{
	archiveVersion = 1;
	classes = {
	};
	objectVersion = 46;
	objects = {

/* Begin PBXBuildFile section */
		6843BCC91BE156AC00BA80F8 /* AppDelegate.swift in Sources */ = {isa = PBXBuildFile; fileRef = 6843BCC81BE156AC00BA80F8 /* AppDelegate.swift */; };
		6843BCCB1BE156AC00BA80F8 /* ViewController.swift in Sources */ = {isa = PBXBuildFile; fileRef = 6843BCCA1BE156AC00BA80F8 /* ViewController.swift */; };
		6843BCCE1BE156AC00BA80F8 /* Main.storyboard in Resources */ = {isa = PBXBuildFile; fileRef = 6843BCCC1BE156AC00BA80F8 /* Main.storyboard */; };
		6843BCD01BE156AC00BA80F8 /* Assets.xcassets in Resources */ = {isa = PBXBuildFile; fileRef = 6843BCCF1BE156AC00BA80F8 /* Assets.xcassets */; };
		6843BCD31BE156AC00BA80F8 /* LaunchScreen.storyboard in Resources */ = {isa = PBXBuildFile; fileRef = 6843BCD11BE156AC00BA80F8 /* LaunchScreen.storyboard */; };
		6843BCD81BE156AC00BA80F8 /* IntNetSpdCalc WatchKit App.app in Embed Watch Content */ = {isa = PBXBuildFile; fileRef = 6843BCD71BE156AC00BA80F8 /* IntNetSpdCalc WatchKit App.app */; };
		6843BCDE1BE156AC00BA80F8 /* Interface.storyboard in Resources */ = {isa = PBXBuildFile; fileRef = 6843BCDC1BE156AC00BA80F8 /* Interface.storyboard */; };
		6843BCE01BE156AC00BA80F8 /* Assets.xcassets in Resources */ = {isa = PBXBuildFile; fileRef = 6843BCDF1BE156AC00BA80F8 /* Assets.xcassets */; };
		6843BCE71BE156AC00BA80F8 /* IntNetSpdCalc WatchKit Extension.appex in Embed App Extensions */ = {isa = PBXBuildFile; fileRef = 6843BCE61BE156AC00BA80F8 /* IntNetSpdCalc WatchKit Extension.appex */; settings = {ATTRIBUTES = (RemoveHeadersOnCopy, ); }; };
		6843BCEE1BE156AC00BA80F8 /* InterfaceController.swift in Sources */ = {isa = PBXBuildFile; fileRef = 6843BCED1BE156AC00BA80F8 /* InterfaceController.swift */; };
		6843BCF01BE156AC00BA80F8 /* ExtensionDelegate.swift in Sources */ = {isa = PBXBuildFile; fileRef = 6843BCEF1BE156AC00BA80F8 /* ExtensionDelegate.swift */; };
		6843BCF21BE156AC00BA80F8 /* NotificationController.swift in Sources */ = {isa = PBXBuildFile; fileRef = 6843BCF11BE156AC00BA80F8 /* NotificationController.swift */; };
		6843BCF41BE156AC00BA80F8 /* Assets.xcassets in Resources */ = {isa = PBXBuildFile; fileRef = 6843BCF31BE156AC00BA80F8 /* Assets.xcassets */; };
		6843BD041BE15B4A00BA80F8 /* Singleton.swift in Sources */ = {isa = PBXBuildFile; fileRef = 6843BD031BE15B4A00BA80F8 /* Singleton.swift */; settings = {ASSET_TAGS = (); }; };
		6843BD081BE15EEB00BA80F8 /* TableScreen.swift in Sources */ = {isa = PBXBuildFile; fileRef = 6843BD071BE15EEB00BA80F8 /* TableScreen.swift */; settings = {ASSET_TAGS = (); }; };
/* End PBXBuildFile section */

/* Begin PBXContainerItemProxy section */
		6843BCD91BE156AC00BA80F8 /* PBXContainerItemProxy */ = {
			isa = PBXContainerItemProxy;
			containerPortal = 6843BCBD1BE156AC00BA80F8 /* Project object */;
			proxyType = 1;
			remoteGlobalIDString = 6843BCD61BE156AC00BA80F8;
			remoteInfo = "IntNetSpdCalc WatchKit App";
		};
		6843BCE81BE156AC00BA80F8 /* PBXContainerItemProxy */ = {
			isa = PBXContainerItemProxy;
			containerPortal = 6843BCBD1BE156AC00BA80F8 /* Project object */;
			proxyType = 1;
			remoteGlobalIDString = 6843BCE51BE156AC00BA80F8;
			remoteInfo = "IntNetSpdCalc WatchKit Extension";
		};
/* End PBXContainerItemProxy section */

/* Begin PBXCopyFilesBuildPhase section */
		6843BCFB1BE156AC00BA80F8 /* Embed App Extensions */ = {
			isa = PBXCopyFilesBuildPhase;
			buildActionMask = 2147483647;
			dstPath = "";
			dstSubfolderSpec = 13;
			files = (
				6843BCE71BE156AC00BA80F8 /* IntNetSpdCalc WatchKit Extension.appex in Embed App Extensions */,
			);
			name = "Embed App Extensions";
			runOnlyForDeploymentPostprocessing = 0;
		};
		6843BCFF1BE156AC00BA80F8 /* Embed Watch Content */ = {
			isa = PBXCopyFilesBuildPhase;
			buildActionMask = 2147483647;
			dstPath = "$(CONTENTS_FOLDER_PATH)/Watch";
			dstSubfolderSpec = 16;
			files = (
				6843BCD81BE156AC00BA80F8 /* IntNetSpdCalc WatchKit App.app in Embed Watch Content */,
			);
			name = "Embed Watch Content";
			runOnlyForDeploymentPostprocessing = 0;
		};
/* End PBXCopyFilesBuildPhase section */

/* Begin PBXFileReference section */
		6843BCC51BE156AC00BA80F8 /* IntNetSpdCalc.app */ = {isa = PBXFileReference; explicitFileType = wrapper.application; includeInIndex = 0; path = IntNetSpdCalc.app; sourceTree = BUILT_PRODUCTS_DIR; };
		6843BCC81BE156AC00BA80F8 /* AppDelegate.swift */ = {isa = PBXFileReference; lastKnownFileType = sourcecode.swift; path = AppDelegate.swift; sourceTree = "<group>"; };
		6843BCCA1BE156AC00BA80F8 /* ViewController.swift */ = {isa = PBXFileReference; lastKnownFileType = sourcecode.swift; path = ViewController.swift; sourceTree = "<group>"; };
		6843BCCD1BE156AC00BA80F8 /* Base */ = {isa = PBXFileReference; lastKnownFileType = file.storyboard; name = Base; path = Base.lproj/Main.storyboard; sourceTree = "<group>"; };
		6843BCCF1BE156AC00BA80F8 /* Assets.xcassets */ = {isa = PBXFileReference; lastKnownFileType = folder.assetcatalog; path = Assets.xcassets; sourceTree = "<group>"; };
		6843BCD21BE156AC00BA80F8 /* Base */ = {isa = PBXFileReference; lastKnownFileType = file.storyboard; name = Base; path = Base.lproj/LaunchScreen.storyboard; sourceTree = "<group>"; };
		6843BCD41BE156AC00BA80F8 /* Info.plist */ = {isa = PBXFileReference; lastKnownFileType = text.plist.xml; path = Info.plist; sourceTree = "<group>"; };
		6843BCD71BE156AC00BA80F8 /* IntNetSpdCalc WatchKit App.app */ = {isa = PBXFileReference; explicitFileType = wrapper.application; includeInIndex = 0; path = "IntNetSpdCalc WatchKit App.app"; sourceTree = BUILT_PRODUCTS_DIR; };
		6843BCDD1BE156AC00BA80F8 /* Base */ = {isa = PBXFileReference; lastKnownFileType = file.storyboard; name = Base; path = Base.lproj/Interface.storyboard; sourceTree = "<group>"; };
		6843BCDF1BE156AC00BA80F8 /* Assets.xcassets */ = {isa = PBXFileReference; lastKnownFileType = folder.assetcatalog; path = Assets.xcassets; sourceTree = "<group>"; };
		6843BCE11BE156AC00BA80F8 /* Info.plist */ = {isa = PBXFileReference; lastKnownFileType = text.plist.xml; path = Info.plist; sourceTree = "<group>"; };
		6843BCE61BE156AC00BA80F8 /* IntNetSpdCalc WatchKit Extension.appex */ = {isa = PBXFileReference; explicitFileType = "wrapper.app-extension"; includeInIndex = 0; path = "IntNetSpdCalc WatchKit Extension.appex"; sourceTree = BUILT_PRODUCTS_DIR; };
		6843BCEC1BE156AC00BA80F8 /* PushNotificationPayload.apns */ = {isa = PBXFileReference; lastKnownFileType = text; path = PushNotificationPayload.apns; sourceTree = "<group>"; };
		6843BCED1BE156AC00BA80F8 /* InterfaceController.swift */ = {isa = PBXFileReference; lastKnownFileType = sourcecode.swift; path = InterfaceController.swift; sourceTree = "<group>"; };
		6843BCEF1BE156AC00BA80F8 /* ExtensionDelegate.swift */ = {isa = PBXFileReference; lastKnownFileType = sourcecode.swift; path = ExtensionDelegate.swift; sourceTree = "<group>"; };
		6843BCF11BE156AC00BA80F8 /* NotificationController.swift */ = {isa = PBXFileReference; lastKnownFileType = sourcecode.swift; path = NotificationController.swift; sourceTree = "<group>"; };
		6843BCF31BE156AC00BA80F8 /* Assets.xcassets */ = {isa = PBXFileReference; lastKnownFileType = folder.assetcatalog; path = Assets.xcassets; sourceTree = "<group>"; };
		6843BCF51BE156AC00BA80F8 /* Info.plist */ = {isa = PBXFileReference; lastKnownFileType = text.plist.xml; path = Info.plist; sourceTree = "<group>"; };
		6843BD031BE15B4A00BA80F8 /* Singleton.swift */ = {isa = PBXFileReference; fileEncoding = 4; lastKnownFileType = sourcecode.swift; path = Singleton.swift; sourceTree = "<group>"; };
		6843BD071BE15EEB00BA80F8 /* TableScreen.swift */ = {isa = PBXFileReference; fileEncoding = 4; lastKnownFileType = sourcecode.swift; path = TableScreen.swift; sourceTree = "<group>"; };
/* End PBXFileReference section */

/* Begin PBXFrameworksBuildPhase section */
		6843BCC21BE156AC00BA80F8 /* Frameworks */ = {
			isa = PBXFrameworksBuildPhase;
			buildActionMask = 2147483647;
			files = (
			);
			runOnlyForDeploymentPostprocessing = 0;
		};
		6843BCE31BE156AC00BA80F8 /* Frameworks */ = {
			isa = PBXFrameworksBuildPhase;
			buildActionMask = 2147483647;
			files = (
			);
			runOnlyForDeploymentPostprocessing = 0;
		};
/* End PBXFrameworksBuildPhase section */

/* Begin PBXGroup section */
		6843BCBC1BE156AC00BA80F8 = {
			isa = PBXGroup;
			children = (
				6843BCC71BE156AC00BA80F8 /* IntNetSpdCalc */,
				6843BCDB1BE156AC00BA80F8 /* IntNetSpdCalc WatchKit App */,
				6843BCEA1BE156AC00BA80F8 /* IntNetSpdCalc WatchKit Extension */,
				6843BCC61BE156AC00BA80F8 /* Products */,
			);
			sourceTree = "<group>";
		};
		6843BCC61BE156AC00BA80F8 /* Products */ = {
			isa = PBXGroup;
			children = (
				6843BCC51BE156AC00BA80F8 /* IntNetSpdCalc.app */,
				6843BCD71BE156AC00BA80F8 /* IntNetSpdCalc WatchKit App.app */,
				6843BCE61BE156AC00BA80F8 /* IntNetSpdCalc WatchKit Extension.appex */,
			);
			name = Products;
			sourceTree = "<group>";
		};
		6843BCC71BE156AC00BA80F8 /* IntNetSpdCalc */ = {
			isa = PBXGroup;
			children = (
				6843BCC81BE156AC00BA80F8 /* AppDelegate.swift */,
				6843BCCA1BE156AC00BA80F8 /* ViewController.swift */,
				6843BCCC1BE156AC00BA80F8 /* Main.storyboard */,
				6843BCCF1BE156AC00BA80F8 /* Assets.xcassets */,
				6843BCD11BE156AC00BA80F8 /* LaunchScreen.storyboard */,
				6843BCD41BE156AC00BA80F8 /* Info.plist */,
			);
			path = IntNetSpdCalc;
			sourceTree = "<group>";
		};
		6843BCDB1BE156AC00BA80F8 /* IntNetSpdCalc WatchKit App */ = {
			isa = PBXGroup;
			children = (
				6843BCDC1BE156AC00BA80F8 /* Interface.storyboard */,
				6843BCDF1BE156AC00BA80F8 /* Assets.xcassets */,
				6843BCE11BE156AC00BA80F8 /* Info.plist */,
			);
			path = "IntNetSpdCalc WatchKit App";
			sourceTree = "<group>";
		};
		6843BCEA1BE156AC00BA80F8 /* IntNetSpdCalc WatchKit Extension */ = {
			isa = PBXGroup;
			children = (
				6843BCED1BE156AC00BA80F8 /* InterfaceController.swift */,
				6843BCEF1BE156AC00BA80F8 /* ExtensionDelegate.swift */,
				6843BCF11BE156AC00BA80F8 /* NotificationController.swift */,
				6843BD031BE15B4A00BA80F8 /* Singleton.swift */,
				6843BD071BE15EEB00BA80F8 /* TableScreen.swift */,
				6843BCF31BE156AC00BA80F8 /* Assets.xcassets */,
				6843BCF51BE156AC00BA80F8 /* Info.plist */,
				6843BCEB1BE156AC00BA80F8 /* Supporting Files */,
			);
			path = "IntNetSpdCalc WatchKit Extension";
			sourceTree = "<group>";
		};
		6843BCEB1BE156AC00BA80F8 /* Supporting Files */ = {
			isa = PBXGroup;
			children = (
				6843BCEC1BE156AC00BA80F8 /* PushNotificationPayload.apns */,
			);
			name = "Supporting Files";
			sourceTree = "<group>";
		};
/* End PBXGroup section */

/* Begin PBXNativeTarget section */
		6843BCC41BE156AC00BA80F8 /* IntNetSpdCalc */ = {
			isa = PBXNativeTarget;
			buildConfigurationList = 6843BD001BE156AC00BA80F8 /* Build configuration list for PBXNativeTarget "IntNetSpdCalc" */;
			buildPhases = (
				6843BCC11BE156AC00BA80F8 /* Sources */,
				6843BCC21BE156AC00BA80F8 /* Frameworks */,
				6843BCC31BE156AC00BA80F8 /* Resources */,
				6843BCFF1BE156AC00BA80F8 /* Embed Watch Content */,
			);
			buildRules = (
			);
			dependencies = (
				6843BCDA1BE156AC00BA80F8 /* PBXTargetDependency */,
			);
			name = IntNetSpdCalc;
			productName = IntNetSpdCalc;
			productReference = 6843BCC51BE156AC00BA80F8 /* IntNetSpdCalc.app */;
			productType = "com.apple.product-type.application";
		};
		6843BCD61BE156AC00BA80F8 /* IntNetSpdCalc WatchKit App */ = {
			isa = PBXNativeTarget;
			buildConfigurationList = 6843BCFC1BE156AC00BA80F8 /* Build configuration list for PBXNativeTarget "IntNetSpdCalc WatchKit App" */;
			buildPhases = (
				6843BCD51BE156AC00BA80F8 /* Resources */,
				6843BCFB1BE156AC00BA80F8 /* Embed App Extensions */,
			);
			buildRules = (
			);
			dependencies = (
				6843BCE91BE156AC00BA80F8 /* PBXTargetDependency */,
			);
			name = "IntNetSpdCalc WatchKit App";
			productName = "IntNetSpdCalc WatchKit App";
			productReference = 6843BCD71BE156AC00BA80F8 /* IntNetSpdCalc WatchKit App.app */;
			productType = "com.apple.product-type.application.watchapp2";
		};
		6843BCE51BE156AC00BA80F8 /* IntNetSpdCalc WatchKit Extension */ = {
			isa = PBXNativeTarget;
			buildConfigurationList = 6843BCF81BE156AC00BA80F8 /* Build configuration list for PBXNativeTarget "IntNetSpdCalc WatchKit Extension" */;
			buildPhases = (
				6843BCE21BE156AC00BA80F8 /* Sources */,
				6843BCE31BE156AC00BA80F8 /* Frameworks */,
				6843BCE41BE156AC00BA80F8 /* Resources */,
			);
			buildRules = (
			);
			dependencies = (
			);
			name = "IntNetSpdCalc WatchKit Extension";
			productName = "IntNetSpdCalc WatchKit Extension";
			productReference = 6843BCE61BE156AC00BA80F8 /* IntNetSpdCalc WatchKit Extension.appex */;
			productType = "com.apple.product-type.watchkit2-extension";
		};
/* End PBXNativeTarget section */

/* Begin PBXProject section */
		6843BCBD1BE156AC00BA80F8 /* Project object */ = {
			isa = PBXProject;
			attributes = {
				LastUpgradeCheck = 0700;
				ORGANIZATIONNAME = "Nathaniel Konkel";
				TargetAttributes = {
					6843BCC41BE156AC00BA80F8 = {
						CreatedOnToolsVersion = 7.0;
					};
					6843BCD61BE156AC00BA80F8 = {
						CreatedOnToolsVersion = 7.0;
					};
					6843BCE51BE156AC00BA80F8 = {
						CreatedOnToolsVersion = 7.0;
					};
				};
			};
			buildConfigurationList = 6843BCC01BE156AC00BA80F8 /* Build configuration list for PBXProject "IntNetSpdCalc" */;
			compatibilityVersion = "Xcode 3.2";
			developmentRegion = English;
			hasScannedForEncodings = 0;
			knownRegions = (
				en,
				Base,
			);
			mainGroup = 6843BCBC1BE156AC00BA80F8;
			productRefGroup = 6843BCC61BE156AC00BA80F8 /* Products */;
			projectDirPath = "";
			projectRoot = "";
			targets = (
				6843BCC41BE156AC00BA80F8 /* IntNetSpdCalc */,
				6843BCD61BE156AC00BA80F8 /* IntNetSpdCalc WatchKit App */,
				6843BCE51BE156AC00BA80F8 /* IntNetSpdCalc WatchKit Extension */,
			);
		};
/* End PBXProject section */

/* Begin PBXResourcesBuildPhase section */
		6843BCC31BE156AC00BA80F8 /* Resources */ = {
			isa = PBXResourcesBuildPhase;
			buildActionMask = 2147483647;
			files = (
				6843BCD31BE156AC00BA80F8 /* LaunchScreen.storyboard in Resources */,
				6843BCD01BE156AC00BA80F8 /* Assets.xcassets in Resources */,
				6843BCCE1BE156AC00BA80F8 /* Main.storyboard in Resources */,
			);
			runOnlyForDeploymentPostprocessing = 0;
		};
		6843BCD51BE156AC00BA80F8 /* Resources */ = {
			isa = PBXResourcesBuildPhase;
			buildActionMask = 2147483647;
			files = (
				6843BCE01BE156AC00BA80F8 /* Assets.xcassets in Resources */,
				6843BCDE1BE156AC00BA80F8 /* Interface.storyboard in Resources */,
			);
			runOnlyForDeploymentPostprocessing = 0;
		};
		6843BCE41BE156AC00BA80F8 /* Resources */ = {
			isa = PBXResourcesBuildPhase;
			buildActionMask = 2147483647;
			files = (
				6843BCF41BE156AC00BA80F8 /* Assets.xcassets in Resources */,
			);
			runOnlyForDeploymentPostprocessing = 0;
		};
/* End PBXResourcesBuildPhase section */

/* Begin PBXSourcesBuildPhase section */
		6843BCC11BE156AC00BA80F8 /* Sources */ = {
			isa = PBXSourcesBuildPhase;
			buildActionMask = 2147483647;
			files = (
				6843BCCB1BE156AC00BA80F8 /* ViewController.swift in Sources */,
				6843BCC91BE156AC00BA80F8 /* AppDelegate.swift in Sources */,
			);
			runOnlyForDeploymentPostprocessing = 0;
		};
		6843BCE21BE156AC00BA80F8 /* Sources */ = {
			isa = PBXSourcesBuildPhase;
			buildActionMask = 2147483647;
			files = (
				6843BD081BE15EEB00BA80F8 /* TableScreen.swift in Sources */,
				6843BCF21BE156AC00BA80F8 /* NotificationController.swift in Sources */,
				6843BD041BE15B4A00BA80F8 /* Singleton.swift in Sources */,
				6843BCF01BE156AC00BA80F8 /* ExtensionDelegate.swift in Sources */,
				6843BCEE1BE156AC00BA80F8 /* InterfaceController.swift in Sources */,
			);
			runOnlyForDeploymentPostprocessing = 0;
		};
/* End PBXSourcesBuildPhase section */

/* Begin PBXTargetDependency section */
		6843BCDA1BE156AC00BA80F8 /* PBXTargetDependency */ = {
			isa = PBXTargetDependency;
			target = 6843BCD61BE156AC00BA80F8 /* IntNetSpdCalc WatchKit App */;
			targetProxy = 6843BCD91BE156AC00BA80F8 /* PBXContainerItemProxy */;
		};
		6843BCE91BE156AC00BA80F8 /* PBXTargetDependency */ = {
			isa = PBXTargetDependency;
			target = 6843BCE51BE156AC00BA80F8 /* IntNetSpdCalc WatchKit Extension */;
			targetProxy = 6843BCE81BE156AC00BA80F8 /* PBXContainerItemProxy */;
		};
/* End PBXTargetDependency section */

/* Begin PBXVariantGroup section */
		6843BCCC1BE156AC00BA80F8 /* Main.storyboard */ = {
			isa = PBXVariantGroup;
			children = (
				6843BCCD1BE156AC00BA80F8 /* Base */,
			);
			name = Main.storyboard;
			sourceTree = "<group>";
		};
		6843BCD11BE156AC00BA80F8 /* LaunchScreen.storyboard */ = {
			isa = PBXVariantGroup;
			children = (
				6843BCD21BE156AC00BA80F8 /* Base */,
			);
			name = LaunchScreen.storyboard;
			sourceTree = "<group>";
		};
		6843BCDC1BE156AC00BA80F8 /* Interface.storyboard */ = {
			isa = PBXVariantGroup;
			children = (
				6843BCDD1BE156AC00BA80F8 /* Base */,
			);
			name = Interface.storyboard;
			sourceTree = "<group>";
		};
/* End PBXVariantGroup section */

/* Begin XCBuildConfiguration section */
		6843BCF61BE156AC00BA80F8 /* Debug */ = {
			isa = XCBuildConfiguration;
			buildSettings = {
				ALWAYS_SEARCH_USER_PATHS = NO;
				CLANG_CXX_LANGUAGE_STANDARD = "gnu++0x";
				CLANG_CXX_LIBRARY = "libc++";
				CLANG_ENABLE_MODULES = YES;
				CLANG_ENABLE_OBJC_ARC = YES;
				CLANG_WARN_BOOL_CONVERSION = YES;
				CLANG_WARN_CONSTANT_CONVERSION = YES;
				CLANG_WARN_DIRECT_OBJC_ISA_USAGE = YES_ERROR;
				CLANG_WARN_EMPTY_BODY = YES;
				CLANG_WARN_ENUM_CONVERSION = YES;
				CLANG_WARN_INT_CONVERSION = YES;
				CLANG_WARN_OBJC_ROOT_CLASS = YES_ERROR;
				CLANG_WARN_UNREACHABLE_CODE = YES;
				CLANG_WARN__DUPLICATE_METHOD_MATCH = YES;
				"CODE_SIGN_IDENTITY[sdk=iphoneos*]" = "iPhone Developer";
				COPY_PHASE_STRIP = NO;
				DEBUG_INFORMATION_FORMAT = dwarf;
				ENABLE_STRICT_OBJC_MSGSEND = YES;
				ENABLE_TESTABILITY = YES;
				GCC_C_LANGUAGE_STANDARD = gnu99;
				GCC_DYNAMIC_NO_PIC = NO;
				GCC_NO_COMMON_BLOCKS = YES;
				GCC_OPTIMIZATION_LEVEL = 0;
				GCC_PREPROCESSOR_DEFINITIONS = (
					"DEBUG=1",
					"$(inherited)",
				);
				GCC_WARN_64_TO_32_BIT_CONVERSION = YES;
				GCC_WARN_ABOUT_RETURN_TYPE = YES_ERROR;
				GCC_WARN_UNDECLARED_SELECTOR = YES;
				GCC_WARN_UNINITIALIZED_AUTOS = YES_AGGRESSIVE;
				GCC_WARN_UNUSED_FUNCTION = YES;
				GCC_WARN_UNUSED_VARIABLE = YES;
				IPHONEOS_DEPLOYMENT_TARGET = 9.0;
				MTL_ENABLE_DEBUG_INFO = YES;
				ONLY_ACTIVE_ARCH = YES;
				SDKROOT = iphoneos;
				SWIFT_OPTIMIZATION_LEVEL = "-Onone";
			};
			name = Debug;
		};
		6843BCF71BE156AC00BA80F8 /* Release */ = {
			isa = XCBuildConfiguration;
			buildSettings = {
				ALWAYS_SEARCH_USER_PATHS = NO;
				CLANG_CXX_LANGUAGE_STANDARD = "gnu++0x";
				CLANG_CXX_LIBRARY = "libc++";
				CLANG_ENABLE_MODULES = YES;
				CLANG_ENABLE_OBJC_ARC = YES;
				CLANG_WARN_BOOL_CONVERSION = YES;
				CLANG_WARN_CONSTANT_CONVERSION = YES;
				CLANG_WARN_DIRECT_OBJC_ISA_USAGE = YES_ERROR;
				CLANG_WARN_EMPTY_BODY = YES;
				CLANG_WARN_ENUM_CONVERSION = YES;
				CLANG_WARN_INT_CONVERSION = YES;
				CLANG_WARN_OBJC_ROOT_CLASS = YES_ERROR;
				CLANG_WARN_UNREACHABLE_CODE = YES;
				CLANG_WARN__DUPLICATE_METHOD_MATCH = YES;
				"CODE_SIGN_IDENTITY[sdk=iphoneos*]" = "iPhone Developer";
				COPY_PHASE_STRIP = NO;
				DEBUG_INFORMATION_FORMAT = "dwarf-with-dsym";
				ENABLE_NS_ASSERTIONS = NO;
				ENABLE_STRICT_OBJC_MSGSEND = YES;
				GCC_C_LANGUAGE_STANDARD = gnu99;
				GCC_NO_COMMON_BLOCKS = YES;
				GCC_WARN_64_TO_32_BIT_CONVERSION = YES;
				GCC_WARN_ABOUT_RETURN_TYPE = YES_ERROR;
				GCC_WARN_UNDECLARED_SELECTOR = YES;
				GCC_WARN_UNINITIALIZED_AUTOS = YES_AGGRESSIVE;
				GCC_WARN_UNUSED_FUNCTION = YES;
				GCC_WARN_UNUSED_VARIABLE = YES;
				IPHONEOS_DEPLOYMENT_TARGET = 9.0;
				MTL_ENABLE_DEBUG_INFO = NO;
				SDKROOT = iphoneos;
				VALIDATE_PRODUCT = YES;
			};
			name = Release;
		};
		6843BCF91BE156AC00BA80F8 /* Debug */ = {
			isa = XCBuildConfiguration;
			buildSettings = {
				INFOPLIST_FILE = "IntNetSpdCalc WatchKit Extension/Info.plist";
				LD_RUNPATH_SEARCH_PATHS = "$(inherited) @executable_path/Frameworks @executable_path/../../Frameworks";
				PRODUCT_BUNDLE_IDENTIFIER = NateKonkel.IntNetSpdCalc.watchkitapp.watchkitextension;
				PRODUCT_NAME = "${TARGET_NAME}";
				SDKROOT = watchos;
				SKIP_INSTALL = YES;
				TARGETED_DEVICE_FAMILY = 4;
				WATCHOS_DEPLOYMENT_TARGET = 2.0;
			};
			name = Debug;
		};
		6843BCFA1BE156AC00BA80F8 /* Release */ = {
			isa = XCBuildConfiguration;
			buildSettings = {
				INFOPLIST_FILE = "IntNetSpdCalc WatchKit Extension/Info.plist";
				LD_RUNPATH_SEARCH_PATHS = "$(inherited) @executable_path/Frameworks @executable_path/../../Frameworks";
				PRODUCT_BUNDLE_IDENTIFIER = NateKonkel.IntNetSpdCalc.watchkitapp.watchkitextension;
				PRODUCT_NAME = "${TARGET_NAME}";
				SDKROOT = watchos;
				SKIP_INSTALL = YES;
				TARGETED_DEVICE_FAMILY = 4;
				WATCHOS_DEPLOYMENT_TARGET = 2.0;
			};
			name = Release;
		};
		6843BCFD1BE156AC00BA80F8 /* Debug */ = {
			isa = XCBuildConfiguration;
			buildSettings = {
				ASSETCATALOG_COMPILER_APPICON_NAME = AppIcon;
				EMBEDDED_CONTENT_CONTAINS_SWIFT = YES;
				IBSC_MODULE = IntNetSpdCalc_WatchKit_Extension;
				INFOPLIST_FILE = "IntNetSpdCalc WatchKit App/Info.plist";
				PRODUCT_BUNDLE_IDENTIFIER = NateKonkel.IntNetSpdCalc.watchkitapp;
				PRODUCT_NAME = "$(TARGET_NAME)";
				SDKROOT = watchos;
				SKIP_INSTALL = YES;
				TARGETED_DEVICE_FAMILY = 4;
				WATCHOS_DEPLOYMENT_TARGET = 2.0;
			};
			name = Debug;
		};
		6843BCFE1BE156AC00BA80F8 /* Release */ = {
			isa = XCBuildConfiguration;
			buildSettings = {
				ASSETCATALOG_COMPILER_APPICON_NAME = AppIcon;
				EMBEDDED_CONTENT_CONTAINS_SWIFT = YES;
				IBSC_MODULE = IntNetSpdCalc_WatchKit_Extension;
				INFOPLIST_FILE = "IntNetSpdCalc WatchKit App/Info.plist";
				PRODUCT_BUNDLE_IDENTIFIER = NateKonkel.IntNetSpdCalc.watchkitapp;
				PRODUCT_NAME = "$(TARGET_NAME)";
				SDKROOT = watchos;
				SKIP_INSTALL = YES;
				TARGETED_DEVICE_FAMILY = 4;
				WATCHOS_DEPLOYMENT_TARGET = 2.0;
			};
			name = Release;
		};
		6843BD011BE156AC00BA80F8 /* Debug */ = {
			isa = XCBuildConfiguration;
			buildSettings = {
				ASSETCATALOG_COMPILER_APPICON_NAME = AppIcon;
				INFOPLIST_FILE = IntNetSpdCalc/Info.plist;
				LD_RUNPATH_SEARCH_PATHS = "$(inherited) @executable_path/Frameworks";
				PRODUCT_BUNDLE_IDENTIFIER = NateKonkel.IntNetSpdCalc;
				PRODUCT_NAME = "$(TARGET_NAME)";
				TARGETED_DEVICE_FAMILY = 1;
			};
			name = Debug;
		};
		6843BD021BE156AC00BA80F8 /* Release */ = {
			isa = XCBuildConfiguration;
			buildSettings = {
				ASSETCATALOG_COMPILER_APPICON_NAME = AppIcon;
				INFOPLIST_FILE = IntNetSpdCalc/Info.plist;
				LD_RUNPATH_SEARCH_PATHS = "$(inherited) @executable_path/Frameworks";
				PRODUCT_BUNDLE_IDENTIFIER = NateKonkel.IntNetSpdCalc;
				PRODUCT_NAME = "$(TARGET_NAME)";
				TARGETED_DEVICE_FAMILY = 1;
			};
			name = Release;
		};
/* End XCBuildConfiguration section */

/* Begin XCConfigurationList section */
		6843BCC01BE156AC00BA80F8 /* Build configuration list for PBXProject "IntNetSpdCalc" */ = {
			isa = XCConfigurationList;
			buildConfigurations = (
				6843BCF61BE156AC00BA80F8 /* Debug */,
				6843BCF71BE156AC00BA80F8 /* Release */,
			);
			defaultConfigurationIsVisible = 0;
			defaultConfigurationName = Release;
		};
		6843BCF81BE156AC00BA80F8 /* Build configuration list for PBXNativeTarget "IntNetSpdCalc WatchKit Extension" */ = {
			isa = XCConfigurationList;
			buildConfigurations = (
				6843BCF91BE156AC00BA80F8 /* Debug */,
				6843BCFA1BE156AC00BA80F8 /* Release */,
			);
			defaultConfigurationIsVisible = 0;
		};
		6843BCFC1BE156AC00BA80F8 /* Build configuration list for PBXNativeTarget "IntNetSpdCalc WatchKit App" */ = {
			isa = XCConfigurationList;
			buildConfigurations = (
				6843BCFD1BE156AC00BA80F8 /* Debug */,
				6843BCFE1BE156AC00BA80F8 /* Release */,
			);
			defaultConfigurationIsVisible = 0;
		};
		6843BD001BE156AC00BA80F8 /* Build configuration list for PBXNativeTarget "IntNetSpdCalc" */ = {
			isa = XCConfigurationList;
			buildConfigurations = (
				6843BD011BE156AC00BA80F8 /* Debug */,
				6843BD021BE156AC00BA80F8 /* Release */,
			);
			defaultConfigurationIsVisible = 0;
		};
/* End XCConfigurationList section */
	};
	rootObject = 6843BCBD1BE156AC00BA80F8 /* Project object */;
}
